
Microsoft Visual Studio Solution File, Format Version 11.00
# Visual Studio 2010
Project("{FAE04EC0-301F-11D3-BF4B-00C04F79EFBC}") = "PinkyBlog", "PinkyBlog\PinkyBlog.csproj", "{8ACF020E-FA28-4568-9217-48ED2922AC37}"
EndProject
Global
	GlobalSection(SolutionConfigurationPlatforms) = preSolution
		Debug|Any CPU = Debug|Any CPU
		Release|Any CPU = Release|Any CPU
	EndGlobalSection
	GlobalSection(ProjectConfigurationPlatforms) = postSolution
		{8ACF020E-FA28-4568-9217-48ED2922AC37}.Debug|Any CPU.ActiveCfg = Debug|Any CPU
		{8ACF020E-FA28-4568-9217-48ED2922AC37}.Debug|Any CPU.Build.0 = Debug|Any CPU
		{8ACF020E-FA28-4568-9217-48ED2922AC37}.Release|Any CPU.ActiveCfg = Release|Any CPU
		{8ACF020E-FA28-4568-9217-48ED2922AC37}.Release|Any CPU.Build.0 = Release|Any CPU
	EndGlobalSection
	GlobalSection(SolutionProperties) = preSolution
		HideSolutionNode = FALSE
	EndGlobalSection
EndGlobal
